// !$*UTF8*$!
{
	archiveVersion = 1;
	classes = {
	};
	objectVersion = 56;
	objects = {

/* Begin PBXBuildFile section */
		0744CE617F87E29F56C84779 /* Pods_A4.framework in Frameworks */ = {isa = PBXBuildFile; fileRef = 3213F5E2AFAB0BC088B86E08 /* Pods_A4.framework */; };
		7F3616BF2BEFA35E007C155B /* AllHobbiesTableViewController.swift in Sources */ = {isa = PBXBuildFile; fileRef = 7F3616BE2BEFA35E007C155B /* AllHobbiesTableViewController.swift */; };
		7F3616C12BEFA702007C155B /* UserHobbiesTableViewController.swift in Sources */ = {isa = PBXBuildFile; fileRef = 7F3616C02BEFA702007C155B /* UserHobbiesTableViewController.swift */; };
		7F3616C32BEFB0B2007C155B /* SearchTableViewController.swift in Sources */ = {isa = PBXBuildFile; fileRef = 7F3616C22BEFB0B2007C155B /* SearchTableViewController.swift */; };
		7F3616C52BF21D75007C155B /* Hobby.swift in Sources */ = {isa = PBXBuildFile; fileRef = 7F3616C42BF21D75007C155B /* Hobby.swift */; };
		7F3616C72BF2388A007C155B /* UserList.swift in Sources */ = {isa = PBXBuildFile; fileRef = 7F3616C62BF2388A007C155B /* UserList.swift */; };
		7F3616C92BF4D5AC007C155B /* CalendarViewController.swift in Sources */ = {isa = PBXBuildFile; fileRef = 7F3616C82BF4D5AC007C155B /* CalendarViewController.swift */; };
		7F3616CD2BF4E418007C155B /* EventCollectionViewCell.swift in Sources */ = {isa = PBXBuildFile; fileRef = 7F3616CC2BF4E418007C155B /* EventCollectionViewCell.swift */; };
		7F3616CF2BF4F26C007C155B /* GTLRCalendar_Event.swift in Sources */ = {isa = PBXBuildFile; fileRef = 7F3616CE2BF4F26C007C155B /* GTLRCalendar_Event.swift */; };
		7F4763C02BE7B62C007BA9AC /* Main.storyboard in Resources */ = {isa = PBXBuildFile; fileRef = 7F4763BF2BE7B62C007BA9AC /* Main.storyboard */; };
		7F4763C52BE7B691007BA9AC /* LoginViewController.swift in Sources */ = {isa = PBXBuildFile; fileRef = 7F4763C42BE7B691007BA9AC /* LoginViewController.swift */; };
		7F4763CB2BE7B6E5007BA9AC /* UserManager.swift in Sources */ = {isa = PBXBuildFile; fileRef = 7F4763CA2BE7B6E5007BA9AC /* UserManager.swift */; };
		7F4763CD2BE7B704007BA9AC /* RegisterViewController.swift in Sources */ = {isa = PBXBuildFile; fileRef = 7F4763CC2BE7B704007BA9AC /* RegisterViewController.swift */; };
		7F4763CF2BE7B735007BA9AC /* SceneDelegate.swift in Sources */ = {isa = PBXBuildFile; fileRef = 7F4763CE2BE7B735007BA9AC /* SceneDelegate.swift */; };
		7F4763D12BE7B75C007BA9AC /* HomeTableViewController.swift in Sources */ = {isa = PBXBuildFile; fileRef = 7F4763D02BE7B75C007BA9AC /* HomeTableViewController.swift */; };
		7F4763D32BE7B77A007BA9AC /* FirebaseController.swift in Sources */ = {isa = PBXBuildFile; fileRef = 7F4763D22BE7B77A007BA9AC /* FirebaseController.swift */; };
		7F4763D52BE7B795007BA9AC /* displayMessage.swift in Sources */ = {isa = PBXBuildFile; fileRef = 7F4763D42BE7B795007BA9AC /* displayMessage.swift */; };
		7F4763D72BE7B7B3007BA9AC /* Google-Calendar.plist in Resources */ = {isa = PBXBuildFile; fileRef = 7F4763D62BE7B7B3007BA9AC /* Google-Calendar.plist */; };
		7F4763DB2BE7B7EB007BA9AC /* DatabaseProtocol.swift in Sources */ = {isa = PBXBuildFile; fileRef = 7F4763DA2BE7B7EB007BA9AC /* DatabaseProtocol.swift */; };
		7F4763DF2BE7B860007BA9AC /* AppDelegate.swift in Sources */ = {isa = PBXBuildFile; fileRef = 7F4763DE2BE7B860007BA9AC /* AppDelegate.swift */; };
		7F4763E12BE7B87B007BA9AC /* Assets.xcassets in Resources */ = {isa = PBXBuildFile; fileRef = 7F4763E02BE7B87B007BA9AC /* Assets.xcassets */; };
		7F4763E32BE7B8D5007BA9AC /* ProfileViewController.swift in Sources */ = {isa = PBXBuildFile; fileRef = 7F4763E22BE7B8D5007BA9AC /* ProfileViewController.swift */; };
		7F4763E52BE7B8ED007BA9AC /* BarChartView.swift in Sources */ = {isa = PBXBuildFile; fileRef = 7F4763E42BE7B8ED007BA9AC /* BarChartView.swift */; };
		7F4763E92BE7BBE0007BA9AC /* LaunchScreen.storyboard in Resources */ = {isa = PBXBuildFile; fileRef = 7F4763E82BE7BBE0007BA9AC /* LaunchScreen.storyboard */; };
		7F4763EB2BE914C4007BA9AC /* HamburgerViewController.swift in Sources */ = {isa = PBXBuildFile; fileRef = 7F4763EA2BE914C4007BA9AC /* HamburgerViewController.swift */; };
		7F4E74922BF5DAF900F8E9FB /* CalendarListResponse.swift in Sources */ = {isa = PBXBuildFile; fileRef = 7F4E74912BF5DAF900F8E9FB /* CalendarListResponse.swift */; };
		7F7081832BEBA33D00E8F590 /* EditProfileViewController.swift in Sources */ = {isa = PBXBuildFile; fileRef = 7F7081822BEBA33D00E8F590 /* EditProfileViewController.swift */; };
		7F739F1F2C0787C200FD2188 /* PhotoCollectionViewCell.swift in Sources */ = {isa = PBXBuildFile; fileRef = 7F739F1E2C0787C200FD2188 /* PhotoCollectionViewCell.swift */; };
		7F739F252C08411500FD2188 /* FeedPostTableViewCell.swift in Sources */ = {isa = PBXBuildFile; fileRef = 7F739F242C08411500FD2188 /* FeedPostTableViewCell.swift */; };
		7F739F282C08485500FD2188 /* FeedHeaderTableViewCell.swift in Sources */ = {isa = PBXBuildFile; fileRef = 7F739F272C08485500FD2188 /* FeedHeaderTableViewCell.swift */; };
		7F739F2A2C08488600FD2188 /* FeedCaptionTableViewCell.swift in Sources */ = {isa = PBXBuildFile; fileRef = 7F739F292C08488600FD2188 /* FeedCaptionTableViewCell.swift */; };
		7F739F2C2C08489F00FD2188 /* FeedGoalsTableViewCell.swift in Sources */ = {isa = PBXBuildFile; fileRef = 7F739F2B2C08489F00FD2188 /* FeedGoalsTableViewCell.swift */; };
		7F739F2F2C08495F00FD2188 /* StorageManager.swift in Sources */ = {isa = PBXBuildFile; fileRef = 7F739F2E2C08495F00FD2188 /* StorageManager.swift */; };
		7F739F342C0873E900FD2188 /* UploadProgressViewController.swift in Sources */ = {isa = PBXBuildFile; fileRef = 7F739F332C0873E900FD2188 /* UploadProgressViewController.swift */; };
		7F739F3A2C08B38500FD2188 /* GoalsTableViewController.swift in Sources */ = {isa = PBXBuildFile; fileRef = 7F739F392C08B38500FD2188 /* GoalsTableViewController.swift */; };
		7F739F3C2C08B89100FD2188 /* CreateGoalsViewController.swift in Sources */ = {isa = PBXBuildFile; fileRef = 7F739F3B2C08B89100FD2188 /* CreateGoalsViewController.swift */; };
		7F739F3E2C0988DF00FD2188 /* GoogleService-Info.plist in Resources */ = {isa = PBXBuildFile; fileRef = 7F739F3D2C0988DE00FD2188 /* GoogleService-Info.plist */; };
		7F739F402C09E84D00FD2188 /* UserPosts.swift in Sources */ = {isa = PBXBuildFile; fileRef = 7F739F3F2C09E84D00FD2188 /* UserPosts.swift */; };
		7F739F482C0ECB8100FD2188 /* EventCell.xib in Resources */ = {isa = PBXBuildFile; fileRef = 7F739F472C0ECB8100FD2188 /* EventCell.xib */; };
		7F739F4C2C0EDD9400FD2188 /* CalendarHelp.swift in Sources */ = {isa = PBXBuildFile; fileRef = 7F739F4B2C0EDD9400FD2188 /* CalendarHelp.swift */; };
		7FBA115C2C121229001BAB0B /* SearchUserCell.swift in Sources */ = {isa = PBXBuildFile; fileRef = 7FBA115B2C121229001BAB0B /* SearchUserCell.swift */; };
		7FBA115E2C121516001BAB0B /* UserProfile.swift in Sources */ = {isa = PBXBuildFile; fileRef = 7FBA115D2C121516001BAB0B /* UserProfile.swift */; };
		7FD484062BE73E1000C46142 /* MulticastDelegate.swift in Sources */ = {isa = PBXBuildFile; fileRef = 7FD484022BE73E1000C46142 /* MulticastDelegate.swift */; };
/* End PBXBuildFile section */

/* Begin PBXFileReference section */
		3213F5E2AFAB0BC088B86E08 /* Pods_A4.framework */ = {isa = PBXFileReference; explicitFileType = wrapper.framework; includeInIndex = 0; path = Pods_A4.framework; sourceTree = BUILT_PRODUCTS_DIR; };
		7F3616BE2BEFA35E007C155B /* AllHobbiesTableViewController.swift */ = {isa = PBXFileReference; lastKnownFileType = sourcecode.swift; path = AllHobbiesTableViewController.swift; sourceTree = "<group>"; };
		7F3616C02BEFA702007C155B /* UserHobbiesTableViewController.swift */ = {isa = PBXFileReference; lastKnownFileType = sourcecode.swift; path = UserHobbiesTableViewController.swift; sourceTree = "<group>"; };
		7F3616C22BEFB0B2007C155B /* SearchTableViewController.swift */ = {isa = PBXFileReference; lastKnownFileType = sourcecode.swift; path = SearchTableViewController.swift; sourceTree = "<group>"; };
		7F3616C42BF21D75007C155B /* Hobby.swift */ = {isa = PBXFileReference; lastKnownFileType = sourcecode.swift; path = Hobby.swift; sourceTree = "<group>"; };
		7F3616C62BF2388A007C155B /* UserList.swift */ = {isa = PBXFileReference; lastKnownFileType = sourcecode.swift; path = UserList.swift; sourceTree = "<group>"; };
		7F3616C82BF4D5AC007C155B /* CalendarViewController.swift */ = {isa = PBXFileReference; lastKnownFileType = sourcecode.swift; path = CalendarViewController.swift; sourceTree = "<group>"; };
		7F3616CC2BF4E418007C155B /* EventCollectionViewCell.swift */ = {isa = PBXFileReference; lastKnownFileType = sourcecode.swift; path = EventCollectionViewCell.swift; sourceTree = "<group>"; };
		7F3616CE2BF4F26C007C155B /* GTLRCalendar_Event.swift */ = {isa = PBXFileReference; lastKnownFileType = sourcecode.swift; path = GTLRCalendar_Event.swift; sourceTree = "<group>"; };
		7F4763BF2BE7B62C007BA9AC /* Main.storyboard */ = {isa = PBXFileReference; fileEncoding = 4; lastKnownFileType = file.storyboard; path = Main.storyboard; sourceTree = "<group>"; };
		7F4763C42BE7B691007BA9AC /* LoginViewController.swift */ = {isa = PBXFileReference; fileEncoding = 4; lastKnownFileType = sourcecode.swift; path = LoginViewController.swift; sourceTree = "<group>"; };
		7F4763CA2BE7B6E5007BA9AC /* UserManager.swift */ = {isa = PBXFileReference; fileEncoding = 4; lastKnownFileType = sourcecode.swift; path = UserManager.swift; sourceTree = "<group>"; };
		7F4763CC2BE7B704007BA9AC /* RegisterViewController.swift */ = {isa = PBXFileReference; fileEncoding = 4; lastKnownFileType = sourcecode.swift; path = RegisterViewController.swift; sourceTree = "<group>"; };
		7F4763CE2BE7B735007BA9AC /* SceneDelegate.swift */ = {isa = PBXFileReference; fileEncoding = 4; lastKnownFileType = sourcecode.swift; path = SceneDelegate.swift; sourceTree = "<group>"; };
		7F4763D02BE7B75C007BA9AC /* HomeTableViewController.swift */ = {isa = PBXFileReference; fileEncoding = 4; lastKnownFileType = sourcecode.swift; path = HomeTableViewController.swift; sourceTree = "<group>"; };
		7F4763D22BE7B77A007BA9AC /* FirebaseController.swift */ = {isa = PBXFileReference; fileEncoding = 4; lastKnownFileType = sourcecode.swift; path = FirebaseController.swift; sourceTree = "<group>"; };
		7F4763D42BE7B795007BA9AC /* displayMessage.swift */ = {isa = PBXFileReference; fileEncoding = 4; lastKnownFileType = sourcecode.swift; path = displayMessage.swift; sourceTree = "<group>"; };
		7F4763D62BE7B7B3007BA9AC /* Google-Calendar.plist */ = {isa = PBXFileReference; fileEncoding = 4; lastKnownFileType = text.plist.xml; path = "Google-Calendar.plist"; sourceTree = "<group>"; };
		7F4763DA2BE7B7EB007BA9AC /* DatabaseProtocol.swift */ = {isa = PBXFileReference; fileEncoding = 4; lastKnownFileType = sourcecode.swift; path = DatabaseProtocol.swift; sourceTree = "<group>"; };
		7F4763DC2BE7B824007BA9AC /* Info.plist */ = {isa = PBXFileReference; fileEncoding = 4; lastKnownFileType = text.plist.xml; path = Info.plist; sourceTree = "<group>"; };
		7F4763DE2BE7B860007BA9AC /* AppDelegate.swift */ = {isa = PBXFileReference; fileEncoding = 4; lastKnownFileType = sourcecode.swift; path = AppDelegate.swift; sourceTree = "<group>"; };
		7F4763E02BE7B87B007BA9AC /* Assets.xcassets */ = {isa = PBXFileReference; lastKnownFileType = folder.assetcatalog; path = Assets.xcassets; sourceTree = "<group>"; };
		7F4763E22BE7B8D5007BA9AC /* ProfileViewController.swift */ = {isa = PBXFileReference; fileEncoding = 4; lastKnownFileType = sourcecode.swift; path = ProfileViewController.swift; sourceTree = "<group>"; };
		7F4763E42BE7B8ED007BA9AC /* BarChartView.swift */ = {isa = PBXFileReference; fileEncoding = 4; lastKnownFileType = sourcecode.swift; path = BarChartView.swift; sourceTree = "<group>"; };
		7F4763E82BE7BBE0007BA9AC /* LaunchScreen.storyboard */ = {isa = PBXFileReference; fileEncoding = 4; lastKnownFileType = file.storyboard; path = LaunchScreen.storyboard; sourceTree = "<group>"; };
		7F4763EA2BE914C4007BA9AC /* HamburgerViewController.swift */ = {isa = PBXFileReference; lastKnownFileType = sourcecode.swift; path = HamburgerViewController.swift; sourceTree = "<group>"; };
		7F4E74912BF5DAF900F8E9FB /* CalendarListResponse.swift */ = {isa = PBXFileReference; lastKnownFileType = sourcecode.swift; path = CalendarListResponse.swift; sourceTree = "<group>"; };
		7F7081822BEBA33D00E8F590 /* EditProfileViewController.swift */ = {isa = PBXFileReference; lastKnownFileType = sourcecode.swift; path = EditProfileViewController.swift; sourceTree = "<group>"; };
		7F739F1E2C0787C200FD2188 /* PhotoCollectionViewCell.swift */ = {isa = PBXFileReference; lastKnownFileType = sourcecode.swift; path = PhotoCollectionViewCell.swift; sourceTree = "<group>"; };
		7F739F242C08411500FD2188 /* FeedPostTableViewCell.swift */ = {isa = PBXFileReference; lastKnownFileType = sourcecode.swift; path = FeedPostTableViewCell.swift; sourceTree = "<group>"; };
		7F739F272C08485500FD2188 /* FeedHeaderTableViewCell.swift */ = {isa = PBXFileReference; lastKnownFileType = sourcecode.swift; path = FeedHeaderTableViewCell.swift; sourceTree = "<group>"; };
		7F739F292C08488600FD2188 /* FeedCaptionTableViewCell.swift */ = {isa = PBXFileReference; lastKnownFileType = sourcecode.swift; path = FeedCaptionTableViewCell.swift; sourceTree = "<group>"; };
		7F739F2B2C08489F00FD2188 /* FeedGoalsTableViewCell.swift */ = {isa = PBXFileReference; lastKnownFileType = sourcecode.swift; path = FeedGoalsTableViewCell.swift; sourceTree = "<group>"; };
		7F739F2E2C08495F00FD2188 /* StorageManager.swift */ = {isa = PBXFileReference; lastKnownFileType = sourcecode.swift; path = StorageManager.swift; sourceTree = "<group>"; };
		7F739F332C0873E900FD2188 /* UploadProgressViewController.swift */ = {isa = PBXFileReference; lastKnownFileType = sourcecode.swift; path = UploadProgressViewController.swift; sourceTree = "<group>"; };
		7F739F392C08B38500FD2188 /* GoalsTableViewController.swift */ = {isa = PBXFileReference; lastKnownFileType = sourcecode.swift; path = GoalsTableViewController.swift; sourceTree = "<group>"; };
		7F739F3B2C08B89100FD2188 /* CreateGoalsViewController.swift */ = {isa = PBXFileReference; lastKnownFileType = sourcecode.swift; path = CreateGoalsViewController.swift; sourceTree = "<group>"; };
		7F739F3D2C0988DE00FD2188 /* GoogleService-Info.plist */ = {isa = PBXFileReference; fileEncoding = 4; lastKnownFileType = text.plist.xml; path = "GoogleService-Info.plist"; sourceTree = "<group>"; };
		7F739F3F2C09E84D00FD2188 /* UserPosts.swift */ = {isa = PBXFileReference; lastKnownFileType = sourcecode.swift; path = UserPosts.swift; sourceTree = "<group>"; };
		7F739F472C0ECB8100FD2188 /* EventCell.xib */ = {isa = PBXFileReference; lastKnownFileType = file.xib; path = EventCell.xib; sourceTree = "<group>"; };
		7F739F4B2C0EDD9400FD2188 /* CalendarHelp.swift */ = {isa = PBXFileReference; lastKnownFileType = sourcecode.swift; path = CalendarHelp.swift; sourceTree = "<group>"; };
		7FBA115B2C121229001BAB0B /* SearchUserCell.swift */ = {isa = PBXFileReference; lastKnownFileType = sourcecode.swift; path = SearchUserCell.swift; sourceTree = "<group>"; };
		7FBA115D2C121516001BAB0B /* UserProfile.swift */ = {isa = PBXFileReference; lastKnownFileType = sourcecode.swift; path = UserProfile.swift; sourceTree = "<group>"; };
		7FD483D02BE730C900C46142 /* A4.app */ = {isa = PBXFileReference; explicitFileType = wrapper.application; includeInIndex = 0; path = A4.app; sourceTree = BUILT_PRODUCTS_DIR; };
		7FD484022BE73E1000C46142 /* MulticastDelegate.swift */ = {isa = PBXFileReference; fileEncoding = 4; lastKnownFileType = sourcecode.swift; path = MulticastDelegate.swift; sourceTree = "<group>"; };
		9A137F085A9FDC909FD7BA3E /* Pods-A4.debug.xcconfig */ = {isa = PBXFileReference; includeInIndex = 1; lastKnownFileType = text.xcconfig; name = "Pods-A4.debug.xcconfig"; path = "Target Support Files/Pods-A4/Pods-A4.debug.xcconfig"; sourceTree = "<group>"; };
		F4F4016F777B1A90B443C963 /* Pods-A4.release.xcconfig */ = {isa = PBXFileReference; includeInIndex = 1; lastKnownFileType = text.xcconfig; name = "Pods-A4.release.xcconfig"; path = "Target Support Files/Pods-A4/Pods-A4.release.xcconfig"; sourceTree = "<group>"; };
/* End PBXFileReference section */

/* Begin PBXFrameworksBuildPhase section */
		7FD483CD2BE730C900C46142 /* Frameworks */ = {
			isa = PBXFrameworksBuildPhase;
			buildActionMask = 2147483647;
			files = (
				0744CE617F87E29F56C84779 /* Pods_A4.framework in Frameworks */,
			);
			runOnlyForDeploymentPostprocessing = 0;
		};
/* End PBXFrameworksBuildPhase section */

/* Begin PBXGroup section */
		0DBFFF768F527BD5644BEA24 /* Frameworks */ = {
			isa = PBXGroup;
			children = (
				3213F5E2AFAB0BC088B86E08 /* Pods_A4.framework */,
			);
			name = Frameworks;
			sourceTree = "<group>";
		};
		1F20ED4B70CB4F82A428DD6F /* Pods */ = {
			isa = PBXGroup;
			children = (
				9A137F085A9FDC909FD7BA3E /* Pods-A4.debug.xcconfig */,
				F4F4016F777B1A90B443C963 /* Pods-A4.release.xcconfig */,
			);
			path = Pods;
			sourceTree = "<group>";
		};
		7F739F1C2C07876C00FD2188 /* Cell */ = {
			isa = PBXGroup;
			children = (
				7F739F262C08480000FD2188 /* Home Feed & Post */,
				7F739F1E2C0787C200FD2188 /* PhotoCollectionViewCell.swift */,
				7FBA115B2C121229001BAB0B /* SearchUserCell.swift */,
			);
			path = Cell;
			sourceTree = "<group>";
		};
		7F739F1D2C07877900FD2188 /* Views */ = {
			isa = PBXGroup;
			children = (
				7F739F302C085AB700FD2188 /* CollectionView */,
				7F739F1C2C07876C00FD2188 /* Cell */,
			);
			path = Views;
			sourceTree = "<group>";
		};
		7F739F262C08480000FD2188 /* Home Feed & Post */ = {
			isa = PBXGroup;
			children = (
				7F739F272C08485500FD2188 /* FeedHeaderTableViewCell.swift */,
				7F739F242C08411500FD2188 /* FeedPostTableViewCell.swift */,
				7F739F292C08488600FD2188 /* FeedCaptionTableViewCell.swift */,
				7F739F2B2C08489F00FD2188 /* FeedGoalsTableViewCell.swift */,
			);
			path = "Home Feed & Post";
			sourceTree = "<group>";
		};
		7F739F2D2C08491500FD2188 /* Resource */ = {
			isa = PBXGroup;
			children = (
				7F3616CE2BF4F26C007C155B /* GTLRCalendar_Event.swift */,
				7F4E74912BF5DAF900F8E9FB /* CalendarListResponse.swift */,
				7F4763CA2BE7B6E5007BA9AC /* UserManager.swift */,
				7F3616C62BF2388A007C155B /* UserList.swift */,
				7F739F3F2C09E84D00FD2188 /* UserPosts.swift */,
				7FBA115D2C121516001BAB0B /* UserProfile.swift */,
				7F3616C42BF21D75007C155B /* Hobby.swift */,
				7F739F2E2C08495F00FD2188 /* StorageManager.swift */,
				7F3616CC2BF4E418007C155B /* EventCollectionViewCell.swift */,
			);
			path = Resource;
			sourceTree = "<group>";
		};
		7F739F302C085AB700FD2188 /* CollectionView */ = {
			isa = PBXGroup;
			children = (
			);
			path = CollectionView;
			sourceTree = "<group>";
		};
		7FBA11592C10E745001BAB0B /* Additional & Helper */ = {
			isa = PBXGroup;
			children = (
				7F4763D42BE7B795007BA9AC /* displayMessage.swift */,
				7F739F4B2C0EDD9400FD2188 /* CalendarHelp.swift */,
			);
			path = "Additional & Helper";
			sourceTree = "<group>";
		};
		7FBA115A2C10E76F001BAB0B /* TabBarController */ = {
			isa = PBXGroup;
			children = (
				7F4763D02BE7B75C007BA9AC /* HomeTableViewController.swift */,
				7F3616C22BEFB0B2007C155B /* SearchTableViewController.swift */,
				7F739F332C0873E900FD2188 /* UploadProgressViewController.swift */,
				7F3616C82BF4D5AC007C155B /* CalendarViewController.swift */,
				7F4763E22BE7B8D5007BA9AC /* ProfileViewController.swift */,
			);
			path = TabBarController;
			sourceTree = "<group>";
		};
		7FBA115F2C141FED001BAB0B /* Secondary Class */ = {
			isa = PBXGroup;
			children = (
				7F4763E42BE7B8ED007BA9AC /* BarChartView.swift */,
				7F3616BE2BEFA35E007C155B /* AllHobbiesTableViewController.swift */,
				7F3616C02BEFA702007C155B /* UserHobbiesTableViewController.swift */,
				7F739F392C08B38500FD2188 /* GoalsTableViewController.swift */,
				7F739F3B2C08B89100FD2188 /* CreateGoalsViewController.swift */,
			);
			path = "Secondary Class";
			sourceTree = "<group>";
		};
		7FD483C72BE730C900C46142 = {
			isa = PBXGroup;
			children = (
				7FD483D22BE730C900C46142 /* A4 */,
				1F20ED4B70CB4F82A428DD6F /* Pods */,
				0DBFFF768F527BD5644BEA24 /* Frameworks */,
			);
			sourceTree = "<group>";
		};
		7FD483D12BE730C900C46142 /* Products */ = {
			isa = PBXGroup;
			children = (
				7FD483D02BE730C900C46142 /* A4.app */,
			);
			name = Products;
			path = ..;
			sourceTree = "<group>";
		};
		7FD483D22BE730C900C46142 /* A4 */ = {
			isa = PBXGroup;
			children = (
				7FD484032BE73E1000C46142 /* Database */,
				7F739F2D2C08491500FD2188 /* Resource */,
				7F739F1D2C07877900FD2188 /* Views */,
				7FBA11592C10E745001BAB0B /* Additional & Helper */,
				7F4763DE2BE7B860007BA9AC /* AppDelegate.swift */,
				7F4763CE2BE7B735007BA9AC /* SceneDelegate.swift */,
				7F4763E02BE7B87B007BA9AC /* Assets.xcassets */,
				7F4763BF2BE7B62C007BA9AC /* Main.storyboard */,
				7F4763E82BE7BBE0007BA9AC /* LaunchScreen.storyboard */,
				7F4763D22BE7B77A007BA9AC /* FirebaseController.swift */,
				7F4763C42BE7B691007BA9AC /* LoginViewController.swift */,
				7F4763CC2BE7B704007BA9AC /* RegisterViewController.swift */,
				7F7081822BEBA33D00E8F590 /* EditProfileViewController.swift */,
				7F4763EA2BE914C4007BA9AC /* HamburgerViewController.swift */,
				7FBA115A2C10E76F001BAB0B /* TabBarController */,
				7FBA115F2C141FED001BAB0B /* Secondary Class */,
				7FD483D12BE730C900C46142 /* Products */,
				7F4763DC2BE7B824007BA9AC /* Info.plist */,
				7F739F3D2C0988DE00FD2188 /* GoogleService-Info.plist */,
				7F4763D62BE7B7B3007BA9AC /* Google-Calendar.plist */,
				7F739F472C0ECB8100FD2188 /* EventCell.xib */,
			);
			path = A4;
			sourceTree = "<group>";
		};
		7FD484032BE73E1000C46142 /* Database */ = {
			isa = PBXGroup;
			children = (
				7F4763DA2BE7B7EB007BA9AC /* DatabaseProtocol.swift */,
				7FD484022BE73E1000C46142 /* MulticastDelegate.swift */,
			);
			path = Database;
			sourceTree = "<group>";
		};
/* End PBXGroup section */

/* Begin PBXNativeTarget section */
		7FD483CF2BE730C900C46142 /* A4 */ = {
			isa = PBXNativeTarget;
			buildConfigurationList = 7FD483E42BE730CA00C46142 /* Build configuration list for PBXNativeTarget "A4" */;
			buildPhases = (
				51FED5D70A4DD82B5069B047 /* [CP] Check Pods Manifest.lock */,
				7FD483CC2BE730C900C46142 /* Sources */,
				7FD483CD2BE730C900C46142 /* Frameworks */,
				7FD483CE2BE730C900C46142 /* Resources */,
				10A5BE840762ADECBBE88645 /* [CP] Embed Pods Frameworks */,
			);
			buildRules = (
			);
			dependencies = (
			);
			name = A4;
			productName = A4;
			productReference = 7FD483D02BE730C900C46142 /* A4.app */;
			productType = "com.apple.product-type.application";
		};
/* End PBXNativeTarget section */

/* Begin PBXProject section */
		7FD483C82BE730C900C46142 /* Project object */ = {
			isa = PBXProject;
			attributes = {
				BuildIndependentTargetsInParallel = 1;
				LastSwiftUpdateCheck = 1530;
				LastUpgradeCheck = 1530;
				TargetAttributes = {
					7FD483CF2BE730C900C46142 = {
						CreatedOnToolsVersion = 15.3;
					};
				};
			};
			buildConfigurationList = 7FD483CB2BE730C900C46142 /* Build configuration list for PBXProject "A4" */;
			compatibilityVersion = "Xcode 14.0";
			developmentRegion = en;
			hasScannedForEncodings = 0;
			knownRegions = (
				en,
				Base,
			);
			mainGroup = 7FD483C72BE730C900C46142;
			productRefGroup = 7FD483D12BE730C900C46142 /* Products */;
			projectDirPath = "";
			projectRoot = "";
			targets = (
				7FD483CF2BE730C900C46142 /* A4 */,
			);
		};
/* End PBXProject section */

/* Begin PBXResourcesBuildPhase section */
		7FD483CE2BE730C900C46142 /* Resources */ = {
			isa = PBXResourcesBuildPhase;
			buildActionMask = 2147483647;
			files = (
				7F4763D72BE7B7B3007BA9AC /* Google-Calendar.plist in Resources */,
				7F739F3E2C0988DF00FD2188 /* GoogleService-Info.plist in Resources */,
				7F4763E92BE7BBE0007BA9AC /* LaunchScreen.storyboard in Resources */,
				7F4763C02BE7B62C007BA9AC /* Main.storyboard in Resources */,
				7F4763E12BE7B87B007BA9AC /* Assets.xcassets in Resources */,
				7F739F482C0ECB8100FD2188 /* EventCell.xib in Resources */,
			);
			runOnlyForDeploymentPostprocessing = 0;
		};
/* End PBXResourcesBuildPhase section */

/* Begin PBXShellScriptBuildPhase section */
		10A5BE840762ADECBBE88645 /* [CP] Embed Pods Frameworks */ = {
			isa = PBXShellScriptBuildPhase;
			buildActionMask = 2147483647;
			files = (
			);
			inputFileListPaths = (
				"${PODS_ROOT}/Target Support Files/Pods-A4/Pods-A4-frameworks-${CONFIGURATION}-input-files.xcfilelist",
			);
			name = "[CP] Embed Pods Frameworks";
			outputFileListPaths = (
				"${PODS_ROOT}/Target Support Files/Pods-A4/Pods-A4-frameworks-${CONFIGURATION}-output-files.xcfilelist",
			);
			runOnlyForDeploymentPostprocessing = 0;
			shellPath = /bin/sh;
			shellScript = "\"${PODS_ROOT}/Target Support Files/Pods-A4/Pods-A4-frameworks.sh\"\n";
			showEnvVarsInLog = 0;
		};
		51FED5D70A4DD82B5069B047 /* [CP] Check Pods Manifest.lock */ = {
			isa = PBXShellScriptBuildPhase;
			buildActionMask = 2147483647;
			files = (
			);
			inputFileListPaths = (
			);
			inputPaths = (
				"${PODS_PODFILE_DIR_PATH}/Podfile.lock",
				"${PODS_ROOT}/Manifest.lock",
			);
			name = "[CP] Check Pods Manifest.lock";
			outputFileListPaths = (
			);
			outputPaths = (
				"$(DERIVED_FILE_DIR)/Pods-A4-checkManifestLockResult.txt",
			);
			runOnlyForDeploymentPostprocessing = 0;
			shellPath = /bin/sh;
			shellScript = "diff \"${PODS_PODFILE_DIR_PATH}/Podfile.lock\" \"${PODS_ROOT}/Manifest.lock\" > /dev/null\nif [ $? != 0 ] ; then\n    # print error to STDERR\n    echo \"error: The sandbox is not in sync with the Podfile.lock. Run 'pod install' or update your CocoaPods installation.\" >&2\n    exit 1\nfi\n# This output is used by Xcode 'outputs' to avoid re-running this script phase.\necho \"SUCCESS\" > \"${SCRIPT_OUTPUT_FILE_0}\"\n";
			showEnvVarsInLog = 0;
		};
/* End PBXShellScriptBuildPhase section */

/* Begin PBXSourcesBuildPhase section */
		7FD483CC2BE730C900C46142 /* Sources */ = {
			isa = PBXSourcesBuildPhase;
			buildActionMask = 2147483647;
			files = (
				7F3616C92BF4D5AC007C155B /* CalendarViewController.swift in Sources */,
				7F3616CD2BF4E418007C155B /* EventCollectionViewCell.swift in Sources */,
				7F4E74922BF5DAF900F8E9FB /* CalendarListResponse.swift in Sources */,
				7F4763D52BE7B795007BA9AC /* displayMessage.swift in Sources */,
				7F3616C12BEFA702007C155B /* UserHobbiesTableViewController.swift in Sources */,
				7F4763E32BE7B8D5007BA9AC /* ProfileViewController.swift in Sources */,
				7F4763EB2BE914C4007BA9AC /* HamburgerViewController.swift in Sources */,
				7F4763DB2BE7B7EB007BA9AC /* DatabaseProtocol.swift in Sources */,
				7F739F4C2C0EDD9400FD2188 /* CalendarHelp.swift in Sources */,
				7F739F252C08411500FD2188 /* FeedPostTableViewCell.swift in Sources */,
				7F4763C52BE7B691007BA9AC /* LoginViewController.swift in Sources */,
				7F739F342C0873E900FD2188 /* UploadProgressViewController.swift in Sources */,
				7FBA115E2C121516001BAB0B /* UserProfile.swift in Sources */,
				7F739F2A2C08488600FD2188 /* FeedCaptionTableViewCell.swift in Sources */,
				7F4763CF2BE7B735007BA9AC /* SceneDelegate.swift in Sources */,
				7F7081832BEBA33D00E8F590 /* EditProfileViewController.swift in Sources */,
				7F739F1F2C0787C200FD2188 /* PhotoCollectionViewCell.swift in Sources */,
				7F739F2F2C08495F00FD2188 /* StorageManager.swift in Sources */,
				7F4763CB2BE7B6E5007BA9AC /* UserManager.swift in Sources */,
				7F739F402C09E84D00FD2188 /* UserPosts.swift in Sources */,
				7FD484062BE73E1000C46142 /* MulticastDelegate.swift in Sources */,
				7F3616CF2BF4F26C007C155B /* GTLRCalendar_Event.swift in Sources */,
				7F4763D32BE7B77A007BA9AC /* FirebaseController.swift in Sources */,
				7F3616BF2BEFA35E007C155B /* AllHobbiesTableViewController.swift in Sources */,
				7F739F282C08485500FD2188 /* FeedHeaderTableViewCell.swift in Sources */,
				7F3616C52BF21D75007C155B /* Hobby.swift in Sources */,
				7FBA115C2C121229001BAB0B /* SearchUserCell.swift in Sources */,
				7F739F3A2C08B38500FD2188 /* GoalsTableViewController.swift in Sources */,
				7F739F2C2C08489F00FD2188 /* FeedGoalsTableViewCell.swift in Sources */,
				7F739F3C2C08B89100FD2188 /* CreateGoalsViewController.swift in Sources */,
				7F4763CD2BE7B704007BA9AC /* RegisterViewController.swift in Sources */,
				7F4763D12BE7B75C007BA9AC /* HomeTableViewController.swift in Sources */,
				7F3616C32BEFB0B2007C155B /* SearchTableViewController.swift in Sources */,
				7F4763DF2BE7B860007BA9AC /* AppDelegate.swift in Sources */,
				7F3616C72BF2388A007C155B /* UserList.swift in Sources */,
				7F4763E52BE7B8ED007BA9AC /* BarChartView.swift in Sources */,
			);
			runOnlyForDeploymentPostprocessing = 0;
		};
/* End PBXSourcesBuildPhase section */

/* Begin XCBuildConfiguration section */
		7FD483E22BE730CA00C46142 /* Debug */ = {
			isa = XCBuildConfiguration;
			buildSettings = {
				ALWAYS_SEARCH_USER_PATHS = NO;
				ASSETCATALOG_COMPILER_GENERATE_SWIFT_ASSET_SYMBOL_EXTENSIONS = YES;
				CLANG_ANALYZER_NONNULL = YES;
				CLANG_ANALYZER_NUMBER_OBJECT_CONVERSION = YES_AGGRESSIVE;
				CLANG_CXX_LANGUAGE_STANDARD = "gnu++20";
				CLANG_ENABLE_MODULES = YES;
				CLANG_ENABLE_OBJC_ARC = YES;
				CLANG_ENABLE_OBJC_WEAK = YES;
				CLANG_WARN_BLOCK_CAPTURE_AUTORELEASING = YES;
				CLANG_WARN_BOOL_CONVERSION = YES;
				CLANG_WARN_COMMA = YES;
				CLANG_WARN_CONSTANT_CONVERSION = YES;
				CLANG_WARN_DEPRECATED_OBJC_IMPLEMENTATIONS = YES;
				CLANG_WARN_DIRECT_OBJC_ISA_USAGE = YES_ERROR;
				CLANG_WARN_DOCUMENTATION_COMMENTS = YES;
				CLANG_WARN_EMPTY_BODY = YES;
				CLANG_WARN_ENUM_CONVERSION = YES;
				CLANG_WARN_INFINITE_RECURSION = YES;
				CLANG_WARN_INT_CONVERSION = YES;
				CLANG_WARN_NON_LITERAL_NULL_CONVERSION = YES;
				CLANG_WARN_OBJC_IMPLICIT_RETAIN_SELF = YES;
				CLANG_WARN_OBJC_LITERAL_CONVERSION = YES;
				CLANG_WARN_OBJC_ROOT_CLASS = YES_ERROR;
				CLANG_WARN_QUOTED_INCLUDE_IN_FRAMEWORK_HEADER = YES;
				CLANG_WARN_RANGE_LOOP_ANALYSIS = YES;
				CLANG_WARN_STRICT_PROTOTYPES = YES;
				CLANG_WARN_SUSPICIOUS_MOVE = YES;
				CLANG_WARN_UNGUARDED_AVAILABILITY = YES_AGGRESSIVE;
				CLANG_WARN_UNREACHABLE_CODE = YES;
				CLANG_WARN__DUPLICATE_METHOD_MATCH = YES;
				COPY_PHASE_STRIP = NO;
				DEBUG_INFORMATION_FORMAT = dwarf;
				ENABLE_STRICT_OBJC_MSGSEND = YES;
				ENABLE_TESTABILITY = YES;
				ENABLE_USER_SCRIPT_SANDBOXING = NO;
				GCC_C_LANGUAGE_STANDARD = gnu17;
				GCC_DYNAMIC_NO_PIC = NO;
				GCC_NO_COMMON_BLOCKS = YES;
				GCC_OPTIMIZATION_LEVEL = 0;
				GCC_PREPROCESSOR_DEFINITIONS = (
					"DEBUG=1",
					"$(inherited)",
				);
				GCC_WARN_64_TO_32_BIT_CONVERSION = YES;
				GCC_WARN_ABOUT_RETURN_TYPE = YES_ERROR;
				GCC_WARN_UNDECLARED_SELECTOR = YES;
				GCC_WARN_UNINITIALIZED_AUTOS = YES_AGGRESSIVE;
				GCC_WARN_UNUSED_FUNCTION = YES;
				GCC_WARN_UNUSED_VARIABLE = YES;
				IPHONEOS_DEPLOYMENT_TARGET = 17.2;
				LOCALIZATION_PREFERS_STRING_CATALOGS = YES;
				MTL_ENABLE_DEBUG_INFO = INCLUDE_SOURCE;
				MTL_FAST_MATH = YES;
				ONLY_ACTIVE_ARCH = YES;
				SDKROOT = iphoneos;
				SWIFT_ACTIVE_COMPILATION_CONDITIONS = "DEBUG $(inherited)";
				SWIFT_OPTIMIZATION_LEVEL = "-Onone";
			};
			name = Debug;
		};
		7FD483E32BE730CA00C46142 /* Release */ = {
			isa = XCBuildConfiguration;
			buildSettings = {
				ALWAYS_SEARCH_USER_PATHS = NO;
				ASSETCATALOG_COMPILER_GENERATE_SWIFT_ASSET_SYMBOL_EXTENSIONS = YES;
				CLANG_ANALYZER_NONNULL = YES;
				CLANG_ANALYZER_NUMBER_OBJECT_CONVERSION = YES_AGGRESSIVE;
				CLANG_CXX_LANGUAGE_STANDARD = "gnu++20";
				CLANG_ENABLE_MODULES = YES;
				CLANG_ENABLE_OBJC_ARC = YES;
				CLANG_ENABLE_OBJC_WEAK = YES;
				CLANG_WARN_BLOCK_CAPTURE_AUTORELEASING = YES;
				CLANG_WARN_BOOL_CONVERSION = YES;
				CLANG_WARN_COMMA = YES;
				CLANG_WARN_CONSTANT_CONVERSION = YES;
				CLANG_WARN_DEPRECATED_OBJC_IMPLEMENTATIONS = YES;
				CLANG_WARN_DIRECT_OBJC_ISA_USAGE = YES_ERROR;
				CLANG_WARN_DOCUMENTATION_COMMENTS = YES;
				CLANG_WARN_EMPTY_BODY = YES;
				CLANG_WARN_ENUM_CONVERSION = YES;
				CLANG_WARN_INFINITE_RECURSION = YES;
				CLANG_WARN_INT_CONVERSION = YES;
				CLANG_WARN_NON_LITERAL_NULL_CONVERSION = YES;
				CLANG_WARN_OBJC_IMPLICIT_RETAIN_SELF = YES;
				CLANG_WARN_OBJC_LITERAL_CONVERSION = YES;
				CLANG_WARN_OBJC_ROOT_CLASS = YES_ERROR;
				CLANG_WARN_QUOTED_INCLUDE_IN_FRAMEWORK_HEADER = YES;
				CLANG_WARN_RANGE_LOOP_ANALYSIS = YES;
				CLANG_WARN_STRICT_PROTOTYPES = YES;
				CLANG_WARN_SUSPICIOUS_MOVE = YES;
				CLANG_WARN_UNGUARDED_AVAILABILITY = YES_AGGRESSIVE;
				CLANG_WARN_UNREACHABLE_CODE = YES;
				CLANG_WARN__DUPLICATE_METHOD_MATCH = YES;
				COPY_PHASE_STRIP = NO;
				DEBUG_INFORMATION_FORMAT = "dwarf-with-dsym";
				ENABLE_NS_ASSERTIONS = NO;
				ENABLE_STRICT_OBJC_MSGSEND = YES;
				ENABLE_USER_SCRIPT_SANDBOXING = NO;
				GCC_C_LANGUAGE_STANDARD = gnu17;
				GCC_NO_COMMON_BLOCKS = YES;
				GCC_WARN_64_TO_32_BIT_CONVERSION = YES;
				GCC_WARN_ABOUT_RETURN_TYPE = YES_ERROR;
				GCC_WARN_UNDECLARED_SELECTOR = YES;
				GCC_WARN_UNINITIALIZED_AUTOS = YES_AGGRESSIVE;
				GCC_WARN_UNUSED_FUNCTION = YES;
				GCC_WARN_UNUSED_VARIABLE = YES;
				IPHONEOS_DEPLOYMENT_TARGET = 17.2;
				LOCALIZATION_PREFERS_STRING_CATALOGS = YES;
				MTL_ENABLE_DEBUG_INFO = NO;
				MTL_FAST_MATH = YES;
				SDKROOT = iphoneos;
				SWIFT_COMPILATION_MODE = wholemodule;
				VALIDATE_PRODUCT = YES;
			};
			name = Release;
		};
		7FD483E52BE730CA00C46142 /* Debug */ = {
			isa = XCBuildConfiguration;
			baseConfigurationReference = 9A137F085A9FDC909FD7BA3E /* Pods-A4.debug.xcconfig */;
			buildSettings = {
				ASSETCATALOG_COMPILER_APPICON_NAME = AppIcon;
				ASSETCATALOG_COMPILER_GLOBAL_ACCENT_COLOR_NAME = AccentColor;
				CODE_SIGN_IDENTITY = "Apple Development";
				CODE_SIGN_STYLE = Automatic;
				CURRENT_PROJECT_VERSION = 1;
				DEVELOPMENT_TEAM = "";
				GENERATE_INFOPLIST_FILE = YES;
				INFOPLIST_FILE = A4/Info.plist;
				INFOPLIST_KEY_UIApplicationSupportsIndirectInputEvents = YES;
				INFOPLIST_KEY_UILaunchStoryboardName = LaunchScreen;
				INFOPLIST_KEY_UIMainStoryboardFile = Main;
				INFOPLIST_KEY_UISupportedInterfaceOrientations_iPad = "UIInterfaceOrientationPortrait UIInterfaceOrientationPortraitUpsideDown UIInterfaceOrientationLandscapeLeft UIInterfaceOrientationLandscapeRight";
				INFOPLIST_KEY_UISupportedInterfaceOrientations_iPhone = "UIInterfaceOrientationPortrait UIInterfaceOrientationLandscapeLeft UIInterfaceOrientationLandscapeRight";
				LD_RUNPATH_SEARCH_PATHS = (
					"$(inherited)",
					"@executable_path/Frameworks",
				);
				MARKETING_VERSION = 1.0;
				PRODUCT_BUNDLE_IDENTIFIER = edu.monash.A4;
				PRODUCT_NAME = "$(TARGET_NAME)";
				PROVISIONING_PROFILE_SPECIFIER = "";
				SWIFT_EMIT_LOC_STRINGS = YES;
				SWIFT_VERSION = 5.0;
				TARGETED_DEVICE_FAMILY = "1,2";
			};
			name = Debug;
		};
		7FD483E62BE730CA00C46142 /* Release */ = {
			isa = XCBuildConfiguration;
			baseConfigurationReference = F4F4016F777B1A90B443C963 /* Pods-A4.release.xcconfig */;
			buildSettings = {
				ASSETCATALOG_COMPILER_APPICON_NAME = AppIcon;
				ASSETCATALOG_COMPILER_GLOBAL_ACCENT_COLOR_NAME = AccentColor;
				CODE_SIGN_IDENTITY = "Apple Development";
				CODE_SIGN_STYLE = Automatic;
				CURRENT_PROJECT_VERSION = 1;
				DEVELOPMENT_TEAM = "";
				GENERATE_INFOPLIST_FILE = YES;
				INFOPLIST_FILE = A4/Info.plist;
				INFOPLIST_KEY_UIApplicationSupportsIndirectInputEvents = YES;
				INFOPLIST_KEY_UILaunchStoryboardName = LaunchScreen;
				INFOPLIST_KEY_UIMainStoryboardFile = Main;
				INFOPLIST_KEY_UISupportedInterfaceOrientations_iPad = "UIInterfaceOrientationPortrait UIInterfaceOrientationPortraitUpsideDown UIInterfaceOrientationLandscapeLeft UIInterfaceOrientationLandscapeRight";
				INFOPLIST_KEY_UISupportedInterfaceOrientations_iPhone = "UIInterfaceOrientationPortrait UIInterfaceOrientationLandscapeLeft UIInterfaceOrientationLandscapeRight";
				LD_RUNPATH_SEARCH_PATHS = (
					"$(inherited)",
					"@executable_path/Frameworks",
				);
				MARKETING_VERSION = 1.0;
				PRODUCT_BUNDLE_IDENTIFIER = edu.monash.A4;
				PRODUCT_NAME = "$(TARGET_NAME)";
				PROVISIONING_PROFILE_SPECIFIER = "";
				SWIFT_EMIT_LOC_STRINGS = YES;
				SWIFT_VERSION = 5.0;
				TARGETED_DEVICE_FAMILY = "1,2";
			};
			name = Release;
		};
/* End XCBuildConfiguration section */

/* Begin XCConfigurationList section */
		7FD483CB2BE730C900C46142 /* Build configuration list for PBXProject "A4" */ = {
			isa = XCConfigurationList;
			buildConfigurations = (
				7FD483E22BE730CA00C46142 /* Debug */,
				7FD483E32BE730CA00C46142 /* Release */,
			);
			defaultConfigurationIsVisible = 0;
			defaultConfigurationName = Release;
		};
		7FD483E42BE730CA00C46142 /* Build configuration list for PBXNativeTarget "A4" */ = {
			isa = XCConfigurationList;
			buildConfigurations = (
				7FD483E52BE730CA00C46142 /* Debug */,
				7FD483E62BE730CA00C46142 /* Release */,
			);
			defaultConfigurationIsVisible = 0;
			defaultConfigurationName = Release;
		};
/* End XCConfigurationList section */
	};
	rootObject = 7FD483C82BE730C900C46142 /* Project object */;
}
